
Microsoft Visual Studio Solution File, Format Version 12.00
# Visual Studio Version 16
VisualStudioVersion = 16.0.29411.108
MinimumVisualStudioVersion = 10.0.40219.1
Project("{FAE04EC0-301F-11D3-BF4B-00C04F79EFBC}") = "HelloWorld", "HelloWorld\HelloWorld.csproj", "{1948BF46-3C88-4EA2-A1DF-292FC93FFEE0}"
EndProject
Global
	GlobalSection(SolutionConfigurationPlatforms) = preSolution
		Debug|Any CPU = Debug|Any CPU
		Release|Any CPU = Release|Any CPU
	EndGlobalSection
	GlobalSection(ProjectConfigurationPlatforms) = postSolution
		{1948BF46-3C88-4EA2-A1DF-292FC93FFEE0}.Debug|Any CPU.ActiveCfg = Debug|Any CPU
		{1948BF46-3C88-4EA2-A1DF-292FC93FFEE0}.Debug|Any CPU.Build.0 = Debug|Any CPU
		{1948BF46-3C88-4EA2-A1DF-292FC93FFEE0}.Release|Any CPU.ActiveCfg = Release|Any CPU
		{1948BF46-3C88-4EA2-A1DF-292FC93FFEE0}.Release|Any CPU.Build.0 = Release|Any CPU
	EndGlobalSection
	GlobalSection(SolutionProperties) = preSolution
		HideSolutionNode = FALSE
	EndGlobalSection
	GlobalSection(ExtensibilityGlobals) = postSolution
		SolutionGuid = {A04A0EA1-E1FB-4C8E-AFA4-CF262DA56DAE}
	EndGlobalSection
EndGlobal
